
Microsoft Visual Studio Solution File, Format Version 12.00
# Visual Studio Version 16
VisualStudioVersion = 16.0.32901.82
MinimumVisualStudioVersion = 10.0.40219.1
Project("{8BC9CEB8-8B4A-11D0-8D11-00A0C91BC942}") = "LoadPE", "LoadPE\LoadPE.vcxproj", "{E6EF4B3B-3586-4AA3-AA5B-56BA30407218}"
EndProject
Project("{8BC9CEB8-8B4A-11D0-8D11-00A0C91BC942}") = "壳样本", "壳样本\壳样本.vcxproj", "{97CB056E-DF1F-41FF-B584-07FD6C2EC71F}"
EndProject
Global
	GlobalSection(SolutionConfigurationPlatforms) = preSolution
		Debug|x64 = Debug|x64
		Debug|x86 = Debug|x86
		Release|x64 = Release|x64
		Release|x86 = Release|x86
	EndGlobalSection
	GlobalSection(ProjectConfigurationPlatforms) = postSolution
		{E6EF4B3B-3586-4AA3-AA5B-56BA30407218}.Debug|x64.ActiveCfg = Debug|x64
		{E6EF4B3B-3586-4AA3-AA5B-56BA30407218}.Debug|x64.Build.0 = Debug|x64
		{E6EF4B3B-3586-4AA3-AA5B-56BA30407218}.Debug|x86.ActiveCfg = Debug|Win32
		{E6EF4B3B-3586-4AA3-AA5B-56BA30407218}.Debug|x86.Build.0 = Debug|Win32
		{E6EF4B3B-3586-4AA3-AA5B-56BA30407218}.Release|x64.ActiveCfg = Release|x64
		{E6EF4B3B-3586-4AA3-AA5B-56BA30407218}.Release|x64.Build.0 = Release|x64
		{E6EF4B3B-3586-4AA3-AA5B-56BA30407218}.Release|x86.ActiveCfg = Release|Win32
		{E6EF4B3B-3586-4AA3-AA5B-56BA30407218}.Release|x86.Build.0 = Release|Win32
		{97CB056E-DF1F-41FF-B584-07FD6C2EC71F}.Debug|x64.ActiveCfg = Debug|x64
		{97CB056E-DF1F-41FF-B584-07FD6C2EC71F}.Debug|x64.Build.0 = Debug|x64
		{97CB056E-DF1F-41FF-B584-07FD6C2EC71F}.Debug|x86.ActiveCfg = Debug|Win32
		{97CB056E-DF1F-41FF-B584-07FD6C2EC71F}.Debug|x86.Build.0 = Debug|Win32
		{97CB056E-DF1F-41FF-B584-07FD6C2EC71F}.Release|x64.ActiveCfg = Release|x64
		{97CB056E-DF1F-41FF-B584-07FD6C2EC71F}.Release|x64.Build.0 = Release|x64
		{97CB056E-DF1F-41FF-B584-07FD6C2EC71F}.Release|x86.ActiveCfg = Release|Win32
		{97CB056E-DF1F-41FF-B584-07FD6C2EC71F}.Release|x86.Build.0 = Release|Win32
	EndGlobalSection
	GlobalSection(SolutionProperties) = preSolution
		HideSolutionNode = FALSE
	EndGlobalSection
	GlobalSection(ExtensibilityGlobals) = postSolution
		SolutionGuid = {3B923B84-6FCB-4538-9C22-14400028B773}
	EndGlobalSection
EndGlobal
